{
    "version": 3,
    "terraform_version": "0.11.11",
    "serial": 2,
    "lineage": "22200cb9-35c9-a342-066a-10b71d2893f4",
    "modules": [
        {
            "path": [
                "root"
            ],
            "outputs": {},
            "resources": {
                "aws_instance.Project": {
                    "type": "aws_instance",
                    "depends_on": [],
                    "primary": {
                        "id": "i-00d4985c516267269",
                        "attributes": {
                            "ami": "ami-0b11d2b249647f83a",
                            "arn": "arn:aws:ec2:eu-west-2:342012618104:instance/i-00d4985c516267269",
                            "associate_public_ip_address": "true",
                            "availability_zone": "eu-west-2a",
                            "cpu_core_count": "1",
                            "cpu_threads_per_core": "1",
                            "credit_specification.#": "1",
                            "credit_specification.0.cpu_credits": "standard",
                            "disable_api_termination": "false",
                            "ebs_block_device.#": "0",
                            "ebs_optimized": "false",
                            "ephemeral_block_device.#": "0",
                            "get_password_data": "false",
                            "iam_instance_profile": "",
                            "id": "i-00d4985c516267269",
                            "instance_state": "running",
                            "instance_type": "t2.micro",
                            "ipv6_addresses.#": "0",
                            "key_name": "AWSKeyAshleyPersonalLondon",
                            "monitoring": "false",
                            "network_interface.#": "0",
                            "password_data": "",
                            "placement_group": "",
                            "primary_network_interface_id": "eni-0c8c54d8321e180d4",
                            "private_dns": "ip-172-31-21-102.eu-west-2.compute.internal",
                            "private_ip": "172.31.21.102",
                            "public_dns": "ec2-3-8-210-38.eu-west-2.compute.amazonaws.com",
                            "public_ip": "3.8.210.38",
                            "root_block_device.#": "1",
                            "root_block_device.0.delete_on_termination": "true",
                            "root_block_device.0.iops": "100",
                            "root_block_device.0.volume_id": "vol-03ef5ff1892bea093",
                            "root_block_device.0.volume_size": "8",
                            "root_block_device.0.volume_type": "gp2",
                            "security_groups.#": "1",
                            "security_groups.3814588639": "default",
                            "source_dest_check": "true",
                            "subnet_id": "subnet-e0b61b9a",
                            "tags.%": "0",
                            "tenancy": "default",
                            "volume_tags.%": "0",
                            "vpc_security_group_ids.#": "1",
                            "vpc_security_group_ids.1535636520": "sg-cd6796a0"
                        },
                        "meta": {
                            "e2bfb730-ecaa-11e6-8f88-34363bc7c4c0": {
                                "create": 600000000000,
                                "delete": 1200000000000,
                                "update": 600000000000
                            },
                            "schema_version": "1"
                        },
                        "tainted": false
                    },
                    "deposed": [],
                    "provider": "provider.aws"
                }
            },
            "depends_on": []
        }
    ]
}
